
Microsoft Visual Studio Solution File, Format Version 12.00
# Visual Studio 15
VisualStudioVersion = 15.0.28307.1000
MinimumVisualStudioVersion = 10.0.40219.1
Project("{FAE04EC0-301F-11D3-BF4B-00C04F79EFBC}") = "Web-proj_Backend", "Web-proj_Backend\Web-proj_Backend.csproj", "{4D5F06F4-71DA-40CF-82DE-0D5FCB20423B}"
EndProject
Project("{FAE04EC0-301F-11D3-BF4B-00C04F79EFBC}") = "Web-proj_Backend.Data", "Web-proj_Backend.Data\Web-proj_Backend.Data.csproj", "{39C6E6D8-FCA7-4AA2-8574-6E16D57F19DB}"
EndProject
Project("{FAE04EC0-301F-11D3-BF4B-00C04F79EFBC}") = "Web-proj_Backend.Models", "Web-proj_Backend.Models\Web-proj_Backend.Models.csproj", "{4AB093A0-7BDB-4DF6-B3F2-B641FE58B086}"
EndProject
Project("{FAE04EC0-301F-11D3-BF4B-00C04F79EFBC}") = "Web-proj_Backend.Domain", "Web-proj_Backend.Domain\Web-proj_Backend.Domain.csproj", "{C4495F99-365C-4A0A-B4ED-207EB24163D2}"
EndProject
Global
	GlobalSection(SolutionConfigurationPlatforms) = preSolution
		Debug|Any CPU = Debug|Any CPU
		Release|Any CPU = Release|Any CPU
	EndGlobalSection
	GlobalSection(ProjectConfigurationPlatforms) = postSolution
		{4D5F06F4-71DA-40CF-82DE-0D5FCB20423B}.Debug|Any CPU.ActiveCfg = Debug|Any CPU
		{4D5F06F4-71DA-40CF-82DE-0D5FCB20423B}.Debug|Any CPU.Build.0 = Debug|Any CPU
		{4D5F06F4-71DA-40CF-82DE-0D5FCB20423B}.Release|Any CPU.ActiveCfg = Release|Any CPU
		{4D5F06F4-71DA-40CF-82DE-0D5FCB20423B}.Release|Any CPU.Build.0 = Release|Any CPU
		{39C6E6D8-FCA7-4AA2-8574-6E16D57F19DB}.Debug|Any CPU.ActiveCfg = Debug|Any CPU
		{39C6E6D8-FCA7-4AA2-8574-6E16D57F19DB}.Debug|Any CPU.Build.0 = Debug|Any CPU
		{39C6E6D8-FCA7-4AA2-8574-6E16D57F19DB}.Release|Any CPU.ActiveCfg = Release|Any CPU
		{39C6E6D8-FCA7-4AA2-8574-6E16D57F19DB}.Release|Any CPU.Build.0 = Release|Any CPU
		{4AB093A0-7BDB-4DF6-B3F2-B641FE58B086}.Debug|Any CPU.ActiveCfg = Debug|Any CPU
		{4AB093A0-7BDB-4DF6-B3F2-B641FE58B086}.Debug|Any CPU.Build.0 = Debug|Any CPU
		{4AB093A0-7BDB-4DF6-B3F2-B641FE58B086}.Release|Any CPU.ActiveCfg = Release|Any CPU
		{4AB093A0-7BDB-4DF6-B3F2-B641FE58B086}.Release|Any CPU.Build.0 = Release|Any CPU
		{C4495F99-365C-4A0A-B4ED-207EB24163D2}.Debug|Any CPU.ActiveCfg = Debug|Any CPU
		{C4495F99-365C-4A0A-B4ED-207EB24163D2}.Debug|Any CPU.Build.0 = Debug|Any CPU
		{C4495F99-365C-4A0A-B4ED-207EB24163D2}.Release|Any CPU.ActiveCfg = Release|Any CPU
		{C4495F99-365C-4A0A-B4ED-207EB24163D2}.Release|Any CPU.Build.0 = Release|Any CPU
	EndGlobalSection
	GlobalSection(SolutionProperties) = preSolution
		HideSolutionNode = FALSE
	EndGlobalSection
	GlobalSection(ExtensibilityGlobals) = postSolution
		SolutionGuid = {013F6538-28CA-4108-8E1B-CCF7C600EB06}
	EndGlobalSection
EndGlobal
